Microsoft Visual Studio Solution File, Format Version 12.00
# Visual Studio Version 17
VisualStudioVersion = 17.5.2.0
MinimumVisualStudioVersion = 10.0.40219.1
Project("{FAE04EC0-301F-11D3-BF4B-00C04F79EFBC}") = "DittoDotNetTasksConsole", "DittoDotNetTasksConsole.csproj", "{75E48BD9-9BC3-B0B9-EE31-F1391F075162}"
EndProject
Project("{2150E333-8FDC-42A3-9474-1A3956D46DE8}") = "tools", "tools", "{07C2787E-EAC7-C090-1BA3-A61EC2A24D84}"
EndProject
Project("{FAE04EC0-301F-11D3-BF4B-00C04F79EFBC}") = "GenerateEnvConstants", "tools\GenerateEnvConstants\GenerateEnvConstants.csproj", "{BA0D9F8A-E6B2-7B33-9891-991F65C5455D}"
EndProject
Global
	GlobalSection(SolutionConfigurationPlatforms) = preSolution
		Debug|Any CPU = Debug|Any CPU
		Release|Any CPU = Release|Any CPU
	EndGlobalSection
	GlobalSection(ProjectConfigurationPlatforms) = postSolution
		{75E48BD9-9BC3-B0B9-EE31-F1391F075162}.Debug|Any CPU.ActiveCfg = Debug|Any CPU
		{75E48BD9-9BC3-B0B9-EE31-F1391F075162}.Debug|Any CPU.Build.0 = Debug|Any CPU
		{75E48BD9-9BC3-B0B9-EE31-F1391F075162}.Release|Any CPU.ActiveCfg = Release|Any CPU
		{75E48BD9-9BC3-B0B9-EE31-F1391F075162}.Release|Any CPU.Build.0 = Release|Any CPU
		{BA0D9F8A-E6B2-7B33-9891-991F65C5455D}.Debug|Any CPU.ActiveCfg = Debug|Any CPU
		{BA0D9F8A-E6B2-7B33-9891-991F65C5455D}.Debug|Any CPU.Build.0 = Debug|Any CPU
		{BA0D9F8A-E6B2-7B33-9891-991F65C5455D}.Release|Any CPU.ActiveCfg = Release|Any CPU
		{BA0D9F8A-E6B2-7B33-9891-991F65C5455D}.Release|Any CPU.Build.0 = Release|Any CPU
	EndGlobalSection
	GlobalSection(SolutionProperties) = preSolution
		HideSolutionNode = FALSE
	EndGlobalSection
	GlobalSection(NestedProjects) = preSolution
		{BA0D9F8A-E6B2-7B33-9891-991F65C5455D} = {07C2787E-EAC7-C090-1BA3-A61EC2A24D84}
	EndGlobalSection
	GlobalSection(ExtensibilityGlobals) = postSolution
		SolutionGuid = {D72A06A3-EFD0-409C-A880-49F371876E8D}
	EndGlobalSection
EndGlobal
