PODS:
  - ditto_live (5.0.0-rc.3):
    - DittoFlutter (= 5.0.0-rc.3)
    - FlutterMacOS
  - DittoFlutter (5.0.0-rc.3)
  - FlutterMacOS (1.0.0)
  - path_provider_foundation (0.0.1):
    - Flutter
    - FlutterMacOS

DEPENDENCIES:
  - ditto_live (from `Flutter/ephemeral/.symlinks/plugins/ditto_live/macos`)
  - FlutterMacOS (from `Flutter/ephemeral`)
  - path_provider_foundation (from `Flutter/ephemeral/.symlinks/plugins/path_provider_foundation/darwin`)

SPEC REPOS:
  trunk:
    - DittoFlutter

EXTERNAL SOURCES:
  ditto_live:
    :path: Flutter/ephemeral/.symlinks/plugins/ditto_live/macos
  FlutterMacOS:
    :path: Flutter/ephemeral
  path_provider_foundation:
    :path: Flutter/ephemeral/.symlinks/plugins/path_provider_foundation/darwin

SPEC CHECKSUMS:
  ditto_live: 670ed0ec2cac84febbe3b5fa49a3db6dae38779c
  DittoFlutter: 12548a985a137077dd085e91d1c97c4705dfaeb2
  FlutterMacOS: 8f6f14fa908a6fb3fba0cd85dbd81ec4b251fb24
  path_provider_foundation: 080d55be775b7414fd5a5ef3ac137b97b097e564

PODFILE CHECKSUM: 1e95c36afbfd1cb6423ceca4de7a8e1b256fb6ac

COCOAPODS: 1.16.2
