
Microsoft Visual Studio Solution File, Format Version 12.00
# Visual Studio Version 17
VisualStudioVersion = 17.3.32929.385
MinimumVisualStudioVersion = 10.0.40219.1
Project("{C7167F0D-BC9F-4E6E-AFE1-012C56B48DB5}") = "DittoReactNativeSampleApp.Package", "DittoReactNativeSampleApp.Package\DittoReactNativeSampleApp.Package.wapproj", "{2885EB41-BF53-483B-87D8-960BCF06DA00}"
EndProject
Project("{8BC9CEB8-8B4A-11D0-8D11-00A0C91BC942}") = "DittoReactNativeSampleApp", "DittoReactNativeSampleApp\DittoReactNativeSampleApp.vcxproj", "{790DDBF0-C640-4D07-9810-F880EE5650C1}"
EndProject
Project("{8BC9CEB8-8B4A-11D0-8D11-00A0C91BC942}") = "DittoReactNative", "..\node_modules\@dittolive\ditto\react-native\windows\DittoReactNative\DittoReactNative.vcxproj", "{315421B5-0197-4AA8-ABA1-2F18C2C8FB72}"
EndProject
Global
	GlobalSection(SolutionConfigurationPlatforms) = preSolution
		Debug|x64 = Debug|x64
		Debug|x86 = Debug|x86
		Debug|ARM64 = Debug|ARM64
		Release|x64 = Release|x64
		Release|x86 = Release|x86
		Release|ARM64 = Release|ARM64
	EndGlobalSection
	GlobalSection(ProjectConfigurationPlatforms) = postSolution
		{2885EB41-BF53-483B-87D8-960BCF06DA00}.Debug|x64.ActiveCfg = Debug|x64
		{2885EB41-BF53-483B-87D8-960BCF06DA00}.Debug|x64.Build.0 = Debug|x64
		{2885EB41-BF53-483B-87D8-960BCF06DA00}.Debug|x64.Deploy.0 = Debug|x64
		{2885EB41-BF53-483B-87D8-960BCF06DA00}.Debug|x86.ActiveCfg = Debug|x86
		{2885EB41-BF53-483B-87D8-960BCF06DA00}.Debug|x86.Build.0 = Debug|x86
		{2885EB41-BF53-483B-87D8-960BCF06DA00}.Debug|x86.Deploy.0 = Debug|x86
		{2885EB41-BF53-483B-87D8-960BCF06DA00}.Debug|ARM64.ActiveCfg = Debug|ARM64
		{2885EB41-BF53-483B-87D8-960BCF06DA00}.Debug|ARM64.Build.0 = Debug|ARM64
		{2885EB41-BF53-483B-87D8-960BCF06DA00}.Debug|ARM64.Deploy.0 = Debug|ARM64
		{2885EB41-BF53-483B-87D8-960BCF06DA00}.Release|x64.ActiveCfg = Release|x64
		{2885EB41-BF53-483B-87D8-960BCF06DA00}.Release|x64.Build.0 = Release|x64
		{2885EB41-BF53-483B-87D8-960BCF06DA00}.Release|x64.Deploy.0 = Release|x64
		{2885EB41-BF53-483B-87D8-960BCF06DA00}.Release|x86.ActiveCfg = Release|x86
		{2885EB41-BF53-483B-87D8-960BCF06DA00}.Release|x86.Build.0 = Release|x86
		{2885EB41-BF53-483B-87D8-960BCF06DA00}.Release|x86.Deploy.0 = Release|x86
		{2885EB41-BF53-483B-87D8-960BCF06DA00}.Release|ARM64.ActiveCfg = Release|ARM64
		{2885EB41-BF53-483B-87D8-960BCF06DA00}.Release|ARM64.Build.0 = Release|ARM64
		{2885EB41-BF53-483B-87D8-960BCF06DA00}.Release|ARM64.Deploy.0 = Release|ARM64
		{790DDBF0-C640-4D07-9810-F880EE5650C1}.Debug|x64.ActiveCfg = Debug|x64
		{790DDBF0-C640-4D07-9810-F880EE5650C1}.Debug|x64.Build.0 = Debug|x64
		{790DDBF0-C640-4D07-9810-F880EE5650C1}.Debug|x64.Deploy.0 = Debug|x64
		{790DDBF0-C640-4D07-9810-F880EE5650C1}.Debug|x86.ActiveCfg = Debug|Win32
		{790DDBF0-C640-4D07-9810-F880EE5650C1}.Debug|x86.Build.0 = Debug|Win32
		{790DDBF0-C640-4D07-9810-F880EE5650C1}.Debug|x86.Deploy.0 = Debug|Win32
		{790DDBF0-C640-4D07-9810-F880EE5650C1}.Debug|ARM64.ActiveCfg = Debug|ARM64
		{790DDBF0-C640-4D07-9810-F880EE5650C1}.Debug|ARM64.Build.0 = Debug|ARM64
		{790DDBF0-C640-4D07-9810-F880EE5650C1}.Debug|ARM64.Deploy.0 = Debug|ARM64
		{790DDBF0-C640-4D07-9810-F880EE5650C1}.Release|x64.ActiveCfg = Release|x64
		{790DDBF0-C640-4D07-9810-F880EE5650C1}.Release|x64.Build.0 = Release|x64
		{790DDBF0-C640-4D07-9810-F880EE5650C1}.Release|x64.Deploy.0 = Release|x64
		{790DDBF0-C640-4D07-9810-F880EE5650C1}.Release|x86.ActiveCfg = Release|Win32
		{790DDBF0-C640-4D07-9810-F880EE5650C1}.Release|x86.Build.0 = Release|Win32
		{790DDBF0-C640-4D07-9810-F880EE5650C1}.Release|x86.Deploy.0 = Release|Win32
		{790DDBF0-C640-4D07-9810-F880EE5650C1}.Release|ARM64.ActiveCfg = Release|ARM64
		{790DDBF0-C640-4D07-9810-F880EE5650C1}.Release|ARM64.Build.0 = Release|ARM64
		{790DDBF0-C640-4D07-9810-F880EE5650C1}.Release|ARM64.Deploy.0 = Release|ARM64
		{315421B5-0197-4AA8-ABA1-2F18C2C8FB72}.Debug|x64.ActiveCfg = Debug|x64
		{315421B5-0197-4AA8-ABA1-2F18C2C8FB72}.Debug|x64.Build.0 = Debug|x64
		{315421B5-0197-4AA8-ABA1-2F18C2C8FB72}.Debug|x86.ActiveCfg = Debug|Win32
		{315421B5-0197-4AA8-ABA1-2F18C2C8FB72}.Debug|x86.Build.0 = Debug|Win32
		{315421B5-0197-4AA8-ABA1-2F18C2C8FB72}.Debug|ARM64.ActiveCfg = Debug|ARM64
		{315421B5-0197-4AA8-ABA1-2F18C2C8FB72}.Debug|ARM64.Build.0 = Debug|ARM64
		{315421B5-0197-4AA8-ABA1-2F18C2C8FB72}.Release|x64.ActiveCfg = Release|x64
		{315421B5-0197-4AA8-ABA1-2F18C2C8FB72}.Release|x64.Build.0 = Release|x64
		{315421B5-0197-4AA8-ABA1-2F18C2C8FB72}.Release|x86.ActiveCfg = Release|Win32
		{315421B5-0197-4AA8-ABA1-2F18C2C8FB72}.Release|x86.Build.0 = Release|Win32
		{315421B5-0197-4AA8-ABA1-2F18C2C8FB72}.Release|ARM64.ActiveCfg = Release|ARM64
		{315421B5-0197-4AA8-ABA1-2F18C2C8FB72}.Release|ARM64.Build.0 = Release|ARM64
	EndGlobalSection
	GlobalSection(SolutionProperties) = preSolution
		HideSolutionNode = FALSE
	EndGlobalSection
	GlobalSection(ExtensibilityGlobals) = postSolution
		SolutionGuid = {D43FAD39-F619-437D-BB40-04A3982ACB6A}
	EndGlobalSection
EndGlobal
