{
  "originHash" : "741e00a38ed257a55afd7208bf340dc23bf95ff1bc8db81aa7de23a4c81744c1",
  "pins" : [
    {
      "identity" : "dittoswiftpackage",
      "kind" : "remoteSourceControl",
      "location" : "https://github.com/getditto/DittoSwiftPackage",
      "state" : {
        "revision" : "bd192be1f1478a8273102b412846c566c5c4e77f",
        "version" : "4.12.3-rc.1"
      }
    }
  ],
  "version" : 3
}
