{
  "originHash" : "741e00a38ed257a55afd7208bf340dc23bf95ff1bc8db81aa7de23a4c81744c1",
  "pins" : [
    {
      "identity" : "dittoswiftpackage",
      "kind" : "remoteSourceControl",
      "location" : "https://github.com/getditto/DittoSwiftPackage",
      "state" : {
        "revision" : "72fce83b963e66827cff3432f1fdb43b28235c59",
        "version" : "4.14.4-rc.4"
      }
    }
  ],
  "version" : 3
}
