
Microsoft Visual Studio Solution File, Format Version 12.00
# Visual Studio Version 17
VisualStudioVersion = 17.5.002.0
MinimumVisualStudioVersion = 10.0.40219.1
Project("{FAE04EC0-301F-11D3-BF4B-00C04F79EFBC}") = "DittoMauiTasksApp", "..\DittoMauiTasksApp\DittoMauiTasksApp.csproj", "{D3076E12-BE92-410E-A4F3-E4F5347DBB7D}"
EndProject
Project("{FAE04EC0-301F-11D3-BF4B-00C04F79EFBC}") = "DittoMauiTasksApp.Tests", "DittoMauiTasksApp.Tests\DittoMauiTasksApp.Tests.csproj", "{4E43DCAE-C20A-4A69-B963-D77355293FB7}"
EndProject
Project("{FAE04EC0-301F-11D3-BF4B-00C04F79EFBC}") = "UITests.Shared", "DittoMauiTasksApp.UITests.Shared\UITests.Shared.csproj", "{7E5E5B65-7284-4D9B-8CE9-779110DDAA1F}"
EndProject
Project("{FAE04EC0-301F-11D3-BF4B-00C04F79EFBC}") = "UITests.MacOS", "DittoMauiTasksApp.UITests.MacOS\UITests.MacOS.csproj", "{90295BB8-AB48-4AA7-81D6-00D0F0DB67CC}"
EndProject
Project("{FAE04EC0-301F-11D3-BF4B-00C04F79EFBC}") = "UITests.Windows", "DittoMauiTasksApp.UITests.Windows\UITests.Windows.csproj", "{2395D798-BF13-47A4-8C43-C34B47AF6AFA}"
EndProject
Global
	GlobalSection(SolutionConfigurationPlatforms) = preSolution
		Debug|Any CPU = Debug|Any CPU
		Release|Any CPU = Release|Any CPU
	EndGlobalSection
	GlobalSection(ProjectConfigurationPlatforms) = postSolution
		{D3076E12-BE92-410E-A4F3-E4F5347DBB7D}.Debug|Any CPU.ActiveCfg = Debug|Any CPU
		{D3076E12-BE92-410E-A4F3-E4F5347DBB7D}.Debug|Any CPU.Build.0 = Debug|Any CPU
		{D3076E12-BE92-410E-A4F3-E4F5347DBB7D}.Release|Any CPU.ActiveCfg = Release|Any CPU
		{D3076E12-BE92-410E-A4F3-E4F5347DBB7D}.Release|Any CPU.Build.0 = Release|Any CPU
		{4E43DCAE-C20A-4A69-B963-D77355293FB7}.Debug|Any CPU.ActiveCfg = Debug|Any CPU
		{4E43DCAE-C20A-4A69-B963-D77355293FB7}.Debug|Any CPU.Build.0 = Debug|Any CPU
		{4E43DCAE-C20A-4A69-B963-D77355293FB7}.Release|Any CPU.ActiveCfg = Release|Any CPU
		{4E43DCAE-C20A-4A69-B963-D77355293FB7}.Release|Any CPU.Build.0 = Release|Any CPU
		{7E5E5B65-7284-4D9B-8CE9-779110DDAA1F}.Debug|Any CPU.ActiveCfg = Debug|Any CPU
		{7E5E5B65-7284-4D9B-8CE9-779110DDAA1F}.Debug|Any CPU.Build.0 = Debug|Any CPU
		{7E5E5B65-7284-4D9B-8CE9-779110DDAA1F}.Release|Any CPU.ActiveCfg = Release|Any CPU
		{7E5E5B65-7284-4D9B-8CE9-779110DDAA1F}.Release|Any CPU.Build.0 = Release|Any CPU
		{90295BB8-AB48-4AA7-81D6-00D0F0DB67CC}.Debug|Any CPU.ActiveCfg = Debug|Any CPU
		{90295BB8-AB48-4AA7-81D6-00D0F0DB67CC}.Debug|Any CPU.Build.0 = Debug|Any CPU
		{90295BB8-AB48-4AA7-81D6-00D0F0DB67CC}.Release|Any CPU.ActiveCfg = Release|Any CPU
		{90295BB8-AB48-4AA7-81D6-00D0F0DB67CC}.Release|Any CPU.Build.0 = Release|Any CPU
		{2395D798-BF13-47A4-8C43-C34B47AF6AFA}.Debug|Any CPU.ActiveCfg = Debug|Any CPU
		{2395D798-BF13-47A4-8C43-C34B47AF6AFA}.Debug|Any CPU.Build.0 = Debug|Any CPU
		{2395D798-BF13-47A4-8C43-C34B47AF6AFA}.Release|Any CPU.ActiveCfg = Release|Any CPU
		{2395D798-BF13-47A4-8C43-C34B47AF6AFA}.Release|Any CPU.Build.0 = Release|Any CPU
	EndGlobalSection
	GlobalSection(SolutionProperties) = preSolution
		HideSolutionNode = FALSE
	EndGlobalSection
	GlobalSection(ExtensibilityGlobals) = postSolution
		SolutionGuid = {6FB99CB4-FC14-42E1-8C56-D40967D0CF75}
	EndGlobalSection
EndGlobal
